PODS:
  - CryptoSwift (0.9.0)
  - SQLCipher (3.4.2):
    - SQLCipher/standard (= 3.4.2)
  - SQLCipher/common (3.4.2)
  - SQLCipher/standard (3.4.2):
    - SQLCipher/common
  - SQLite.swift/SQLCipher (0.11.5):
    - SQLCipher (>= 3.4.0)

DEPENDENCIES:
  - CryptoSwift (from `https://github.com/krzyzanowskim/CryptoSwift`, branch `master`)
  - SQLite.swift/SQLCipher (~> 0.11.5)

SPEC REPOS:
  https://github.com/CocoaPods/Specs.git:
    - SQLCipher
    - SQLite.swift

EXTERNAL SOURCES:
  CryptoSwift:
    :branch: master
    :git: https://github.com/krzyzanowskim/CryptoSwift

CHECKOUT OPTIONS:
  CryptoSwift:
    :commit: 2c90677112ff2e045f74fe5376b59bc3882b48da
    :git: https://github.com/krzyzanowskim/CryptoSwift

SPEC CHECKSUMS:
  CryptoSwift: ba0dcdfcb2f5307ae8ef55a2d4ad394d2c3cf80f
  SQLCipher: f9fcf29b2e59ced7defc2a2bdd0ebe79b40d4990
  SQLite.swift: 6e5356850bb1791459f8c16d6ee9195b28714a2e

PODFILE CHECKSUM: b2dad17527e2773e3dc47857802c09c221aaaebc

COCOAPODS: 1.5.0
